
Microsoft Visual Studio Solution File, Format Version 12.00
# Visual Studio Version 17
VisualStudioVersion = 17.8.34330.188
MinimumVisualStudioVersion = 10.0.40219.1
Project("{FAE04EC0-301F-11D3-BF4B-00C04F79EFBC}") = "Ropes", "Ropes.csproj", "{BDDA25EE-E7F1-4F92-A459-7ADFB866C602}"
EndProject
Global
	GlobalSection(SolutionConfigurationPlatforms) = preSolution
		Debug|Any CPU = Debug|Any CPU
		Release|Any CPU = Release|Any CPU
	EndGlobalSection
	GlobalSection(ProjectConfigurationPlatforms) = postSolution
		{BDDA25EE-E7F1-4F92-A459-7ADFB866C602}.Debug|Any CPU.ActiveCfg = Debug|Any CPU
		{BDDA25EE-E7F1-4F92-A459-7ADFB866C602}.Debug|Any CPU.Build.0 = Debug|Any CPU
		{BDDA25EE-E7F1-4F92-A459-7ADFB866C602}.Release|Any CPU.ActiveCfg = Release|Any CPU
		{BDDA25EE-E7F1-4F92-A459-7ADFB866C602}.Release|Any CPU.Build.0 = Release|Any CPU
	EndGlobalSection
	GlobalSection(SolutionProperties) = preSolution
		HideSolutionNode = FALSE
	EndGlobalSection
	GlobalSection(ExtensibilityGlobals) = postSolution
		SolutionGuid = {02D32128-CB07-4C8B-8305-D20DEE7ED164}
	EndGlobalSection
EndGlobal
